
Microsoft Visual Studio Solution File, Format Version 12.00
# Visual Studio Version 17
VisualStudioVersion = 17.0.31903.59
MinimumVisualStudioVersion = 10.0.40219.1
Project("{2150E333-8FDC-42A3-9474-1A3956D46DE8}") = "src", "src", "{93BBE7BC-455A-4738-AEEB-FE63FB0B3063}"
EndProject
Project("{FAE04EC0-301F-11D3-BF4B-00C04F79EFBC}") = "FinanceFlow.Api", "src\FinanceFlow.Api\FinanceFlow.Api.csproj", "{6F809156-54E7-415E-B3B4-1310E8E6BDA5}"
EndProject
Project("{FAE04EC0-301F-11D3-BF4B-00C04F79EFBC}") = "FinanceFlow.Client", "src\FinanceFlow.Client\FinanceFlow.Client.csproj", "{E2986528-4ABA-4802-A799-43CFB1B41FE1}"
EndProject
Global
	GlobalSection(SolutionConfigurationPlatforms) = preSolution
		Debug|Any CPU = Debug|Any CPU
		Release|Any CPU = Release|Any CPU
	EndGlobalSection
	GlobalSection(SolutionProperties) = preSolution
		HideSolutionNode = FALSE
	EndGlobalSection
	GlobalSection(ProjectConfigurationPlatforms) = postSolution
		{6F809156-54E7-415E-B3B4-1310E8E6BDA5}.Debug|Any CPU.ActiveCfg = Debug|Any CPU
		{6F809156-54E7-415E-B3B4-1310E8E6BDA5}.Debug|Any CPU.Build.0 = Debug|Any CPU
		{6F809156-54E7-415E-B3B4-1310E8E6BDA5}.Release|Any CPU.ActiveCfg = Release|Any CPU
		{6F809156-54E7-415E-B3B4-1310E8E6BDA5}.Release|Any CPU.Build.0 = Release|Any CPU
		{E2986528-4ABA-4802-A799-43CFB1B41FE1}.Debug|Any CPU.ActiveCfg = Debug|Any CPU
		{E2986528-4ABA-4802-A799-43CFB1B41FE1}.Debug|Any CPU.Build.0 = Debug|Any CPU
		{E2986528-4ABA-4802-A799-43CFB1B41FE1}.Release|Any CPU.ActiveCfg = Release|Any CPU
		{E2986528-4ABA-4802-A799-43CFB1B41FE1}.Release|Any CPU.Build.0 = Release|Any CPU
	EndGlobalSection
	GlobalSection(NestedProjects) = preSolution
		{6F809156-54E7-415E-B3B4-1310E8E6BDA5} = {93BBE7BC-455A-4738-AEEB-FE63FB0B3063}
		{E2986528-4ABA-4802-A799-43CFB1B41FE1} = {93BBE7BC-455A-4738-AEEB-FE63FB0B3063}
	EndGlobalSection
EndGlobal
